// !$*UTF8*$!
{
	archiveVersion = 1;
	classes = {
	};
	objectVersion = 46;
	objects = {

/* Begin PBXBuildFile section */
		A783E2632186258B006FF738 /* AppDelegate.swift in Sources */ = {isa = PBXBuildFile; fileRef = A783E2622186258B006FF738 /* AppDelegate.swift */; };
		A783E2652186258B006FF738 /* ViewController.swift in Sources */ = {isa = PBXBuildFile; fileRef = A783E2642186258B006FF738 /* ViewController.swift */; };
		A783E2682186258B006FF738 /* Main.storyboard in Resources */ = {isa = PBXBuildFile; fileRef = A783E2662186258B006FF738 /* Main.storyboard */; };
		A783E26A2186258B006FF738 /* Assets.xcassets in Resources */ = {isa = PBXBuildFile; fileRef = A783E2692186258B006FF738 /* Assets.xcassets */; };
		A783E26D2186258B006FF738 /* LaunchScreen.storyboard in Resources */ = {isa = PBXBuildFile; fileRef = A783E26B2186258B006FF738 /* LaunchScreen.storyboard */; };
		A783E2782186258B006FF738 /* MoosicTests.swift in Sources */ = {isa = PBXBuildFile; fileRef = A783E2772186258B006FF738 /* MoosicTests.swift */; };
		A783E2832186258B006FF738 /* MoosicUITests.swift in Sources */ = {isa = PBXBuildFile; fileRef = A783E2822186258B006FF738 /* MoosicUITests.swift */; };
		A783E29121865239006FF738 /* Pulsing.swift in Sources */ = {isa = PBXBuildFile; fileRef = A783E29021865239006FF738 /* Pulsing.swift */; };
		A783E29321866486006FF738 /* ThinPulsing.swift in Sources */ = {isa = PBXBuildFile; fileRef = A783E29221866486006FF738 /* ThinPulsing.swift */; };
		A78C2DB3218783A1005E9A0B /* Security.framework in Frameworks */ = {isa = PBXBuildFile; fileRef = A78C2DB2218783A1005E9A0B /* Security.framework */; };
		A78C2DB5218783B1005E9A0B /* libc++.tbd in Frameworks */ = {isa = PBXBuildFile; fileRef = A78C2DB4218783B1005E9A0B /* libc++.tbd */; };
		A78C2DB7218783B9005E9A0B /* AVFoundation.framework in Frameworks */ = {isa = PBXBuildFile; fileRef = A78C2DB6218783B9005E9A0B /* AVFoundation.framework */; };
		A78C2DB9218783BF005E9A0B /* AudioToolbox.framework in Frameworks */ = {isa = PBXBuildFile; fileRef = A78C2DB8218783BF005E9A0B /* AudioToolbox.framework */; };
/* End PBXBuildFile section */

/* Begin PBXContainerItemProxy section */
		A783E2742186258B006FF738 /* PBXContainerItemProxy */ = {
			isa = PBXContainerItemProxy;
			containerPortal = A783E2572186258B006FF738 /* Project object */;
			proxyType = 1;
			remoteGlobalIDString = A783E25E2186258B006FF738;
			remoteInfo = Moosic;
		};
		A783E27F2186258B006FF738 /* PBXContainerItemProxy */ = {
			isa = PBXContainerItemProxy;
			containerPortal = A783E2572186258B006FF738 /* Project object */;
			proxyType = 1;
			remoteGlobalIDString = A783E25E2186258B006FF738;
			remoteInfo = Moosic;
		};
/* End PBXContainerItemProxy section */

/* Begin PBXFileReference section */
		A783E25F2186258B006FF738 /* Moosic.app */ = {isa = PBXFileReference; explicitFileType = wrapper.application; includeInIndex = 0; path = Moosic.app; sourceTree = BUILT_PRODUCTS_DIR; };
		A783E2622186258B006FF738 /* AppDelegate.swift */ = {isa = PBXFileReference; lastKnownFileType = sourcecode.swift; path = AppDelegate.swift; sourceTree = "<group>"; };
		A783E2642186258B006FF738 /* ViewController.swift */ = {isa = PBXFileReference; lastKnownFileType = sourcecode.swift; path = ViewController.swift; sourceTree = "<group>"; };
		A783E2672186258B006FF738 /* Base */ = {isa = PBXFileReference; lastKnownFileType = file.storyboard; name = Base; path = Base.lproj/Main.storyboard; sourceTree = "<group>"; };
		A783E2692186258B006FF738 /* Assets.xcassets */ = {isa = PBXFileReference; lastKnownFileType = folder.assetcatalog; path = Assets.xcassets; sourceTree = "<group>"; };
		A783E26C2186258B006FF738 /* Base */ = {isa = PBXFileReference; lastKnownFileType = file.storyboard; name = Base; path = Base.lproj/LaunchScreen.storyboard; sourceTree = "<group>"; };
		A783E26E2186258B006FF738 /* Info.plist */ = {isa = PBXFileReference; lastKnownFileType = text.plist.xml; path = Info.plist; sourceTree = "<group>"; };
		A783E2732186258B006FF738 /* MoosicTests.xctest */ = {isa = PBXFileReference; explicitFileType = wrapper.cfbundle; includeInIndex = 0; path = MoosicTests.xctest; sourceTree = BUILT_PRODUCTS_DIR; };
		A783E2772186258B006FF738 /* MoosicTests.swift */ = {isa = PBXFileReference; lastKnownFileType = sourcecode.swift; path = MoosicTests.swift; sourceTree = "<group>"; };
		A783E2792186258B006FF738 /* Info.plist */ = {isa = PBXFileReference; lastKnownFileType = text.plist.xml; path = Info.plist; sourceTree = "<group>"; };
		A783E27E2186258B006FF738 /* MoosicUITests.xctest */ = {isa = PBXFileReference; explicitFileType = wrapper.cfbundle; includeInIndex = 0; path = MoosicUITests.xctest; sourceTree = BUILT_PRODUCTS_DIR; };
		A783E2822186258B006FF738 /* MoosicUITests.swift */ = {isa = PBXFileReference; lastKnownFileType = sourcecode.swift; path = MoosicUITests.swift; sourceTree = "<group>"; };
		A783E2842186258B006FF738 /* Info.plist */ = {isa = PBXFileReference; lastKnownFileType = text.plist.xml; path = Info.plist; sourceTree = "<group>"; };
		A783E29021865239006FF738 /* Pulsing.swift */ = {isa = PBXFileReference; fileEncoding = 4; lastKnownFileType = sourcecode.swift; path = Pulsing.swift; sourceTree = "<group>"; };
		A783E29221866486006FF738 /* ThinPulsing.swift */ = {isa = PBXFileReference; fileEncoding = 4; lastKnownFileType = sourcecode.swift; path = ThinPulsing.swift; sourceTree = "<group>"; };
		A78C2DB2218783A1005E9A0B /* Security.framework */ = {isa = PBXFileReference; lastKnownFileType = wrapper.framework; name = Security.framework; path = System/Library/Frameworks/Security.framework; sourceTree = SDKROOT; };
		A78C2DB4218783B1005E9A0B /* libc++.tbd */ = {isa = PBXFileReference; lastKnownFileType = "sourcecode.text-based-dylib-definition"; name = "libc++.tbd"; path = "usr/lib/libc++.tbd"; sourceTree = SDKROOT; };
		A78C2DB6218783B9005E9A0B /* AVFoundation.framework */ = {isa = PBXFileReference; lastKnownFileType = wrapper.framework; name = AVFoundation.framework; path = System/Library/Frameworks/AVFoundation.framework; sourceTree = SDKROOT; };
		A78C2DB8218783BF005E9A0B /* AudioToolbox.framework */ = {isa = PBXFileReference; lastKnownFileType = wrapper.framework; name = AudioToolbox.framework; path = System/Library/Frameworks/AudioToolbox.framework; sourceTree = SDKROOT; };
/* End PBXFileReference section */

/* Begin PBXFrameworksBuildPhase section */
		A783E25C2186258B006FF738 /* Frameworks */ = {
			isa = PBXFrameworksBuildPhase;
			buildActionMask = 2147483647;
			files = (
				A78C2DB9218783BF005E9A0B /* AudioToolbox.framework in Frameworks */,
				A78C2DB7218783B9005E9A0B /* AVFoundation.framework in Frameworks */,
				A78C2DB5218783B1005E9A0B /* libc++.tbd in Frameworks */,
				A78C2DB3218783A1005E9A0B /* Security.framework in Frameworks */,
			);
			runOnlyForDeploymentPostprocessing = 0;
		};
		A783E2702186258B006FF738 /* Frameworks */ = {
			isa = PBXFrameworksBuildPhase;
			buildActionMask = 2147483647;
			files = (
			);
			runOnlyForDeploymentPostprocessing = 0;
		};
		A783E27B2186258B006FF738 /* Frameworks */ = {
			isa = PBXFrameworksBuildPhase;
			buildActionMask = 2147483647;
			files = (
			);
			runOnlyForDeploymentPostprocessing = 0;
		};
/* End PBXFrameworksBuildPhase section */

/* Begin PBXGroup section */
		A783E2562186258B006FF738 = {
			isa = PBXGroup;
			children = (
				A783E2612186258B006FF738 /* Moosic */,
				A783E2762186258B006FF738 /* MoosicTests */,
				A783E2812186258B006FF738 /* MoosicUITests */,
				A783E2602186258B006FF738 /* Products */,
				A78C2DB1218783A1005E9A0B /* Frameworks */,
			);
			sourceTree = "<group>";
		};
		A783E2602186258B006FF738 /* Products */ = {
			isa = PBXGroup;
			children = (
				A783E25F2186258B006FF738 /* Moosic.app */,
				A783E2732186258B006FF738 /* MoosicTests.xctest */,
				A783E27E2186258B006FF738 /* MoosicUITests.xctest */,
			);
			name = Products;
			sourceTree = "<group>";
		};
		A783E2612186258B006FF738 /* Moosic */ = {
			isa = PBXGroup;
			children = (
				A783E2622186258B006FF738 /* AppDelegate.swift */,
				A783E2642186258B006FF738 /* ViewController.swift */,
				A783E29021865239006FF738 /* Pulsing.swift */,
				A783E2662186258B006FF738 /* Main.storyboard */,
				A783E29221866486006FF738 /* ThinPulsing.swift */,
				A783E2692186258B006FF738 /* Assets.xcassets */,
				A783E26B2186258B006FF738 /* LaunchScreen.storyboard */,
				A783E26E2186258B006FF738 /* Info.plist */,
			);
			path = Moosic;
			sourceTree = "<group>";
		};
		A783E2762186258B006FF738 /* MoosicTests */ = {
			isa = PBXGroup;
			children = (
				A783E2772186258B006FF738 /* MoosicTests.swift */,
				A783E2792186258B006FF738 /* Info.plist */,
			);
			path = MoosicTests;
			sourceTree = "<group>";
		};
		A783E2812186258B006FF738 /* MoosicUITests */ = {
			isa = PBXGroup;
			children = (
				A783E2822186258B006FF738 /* MoosicUITests.swift */,
				A783E2842186258B006FF738 /* Info.plist */,
			);
			path = MoosicUITests;
			sourceTree = "<group>";
		};
		A78C2DB1218783A1005E9A0B /* Frameworks */ = {
			isa = PBXGroup;
			children = (
				A78C2DB8218783BF005E9A0B /* AudioToolbox.framework */,
				A78C2DB6218783B9005E9A0B /* AVFoundation.framework */,
				A78C2DB4218783B1005E9A0B /* libc++.tbd */,
				A78C2DB2218783A1005E9A0B /* Security.framework */,
			);
			name = Frameworks;
			sourceTree = "<group>";
		};
/* End PBXGroup section */

/* Begin PBXNativeTarget section */
		A783E25E2186258B006FF738 /* Moosic */ = {
			isa = PBXNativeTarget;
			buildConfigurationList = A783E2872186258B006FF738 /* Build configuration list for PBXNativeTarget "Moosic" */;
			buildPhases = (
				A783E25B2186258B006FF738 /* Sources */,
				A783E25C2186258B006FF738 /* Frameworks */,
				A783E25D2186258B006FF738 /* Resources */,
			);
			buildRules = (
			);
			dependencies = (
			);
			name = Moosic;
			productName = Moosic;
			productReference = A783E25F2186258B006FF738 /* Moosic.app */;
			productType = "com.apple.product-type.application";
		};
		A783E2722186258B006FF738 /* MoosicTests */ = {
			isa = PBXNativeTarget;
			buildConfigurationList = A783E28A2186258B006FF738 /* Build configuration list for PBXNativeTarget "MoosicTests" */;
			buildPhases = (
				A783E26F2186258B006FF738 /* Sources */,
				A783E2702186258B006FF738 /* Frameworks */,
				A783E2712186258B006FF738 /* Resources */,
			);
			buildRules = (
			);
			dependencies = (
				A783E2752186258B006FF738 /* PBXTargetDependency */,
			);
			name = MoosicTests;
			productName = MoosicTests;
			productReference = A783E2732186258B006FF738 /* MoosicTests.xctest */;
			productType = "com.apple.product-type.bundle.unit-test";
		};
		A783E27D2186258B006FF738 /* MoosicUITests */ = {
			isa = PBXNativeTarget;
			buildConfigurationList = A783E28D2186258B006FF738 /* Build configuration list for PBXNativeTarget "MoosicUITests" */;
			buildPhases = (
				A783E27A2186258B006FF738 /* Sources */,
				A783E27B2186258B006FF738 /* Frameworks */,
				A783E27C2186258B006FF738 /* Resources */,
			);
			buildRules = (
			);
			dependencies = (
				A783E2802186258B006FF738 /* PBXTargetDependency */,
			);
			name = MoosicUITests;
			productName = MoosicUITests;
			productReference = A783E27E2186258B006FF738 /* MoosicUITests.xctest */;
			productType = "com.apple.product-type.bundle.ui-testing";
		};
/* End PBXNativeTarget section */

/* Begin PBXProject section */
		A783E2572186258B006FF738 /* Project object */ = {
			isa = PBXProject;
			attributes = {
				LastSwiftUpdateCheck = 0830;
				LastUpgradeCheck = 0830;
				ORGANIZATIONNAME = "Oliver Green";
				TargetAttributes = {
					A783E25E2186258B006FF738 = {
						CreatedOnToolsVersion = 8.3.2;
						DevelopmentTeam = 7Q4532Y2KQ;
						ProvisioningStyle = Automatic;
					};
					A783E2722186258B006FF738 = {
						CreatedOnToolsVersion = 8.3.2;
						DevelopmentTeam = 7Q4532Y2KQ;
						ProvisioningStyle = Automatic;
						TestTargetID = A783E25E2186258B006FF738;
					};
					A783E27D2186258B006FF738 = {
						CreatedOnToolsVersion = 8.3.2;
						DevelopmentTeam = 7Q4532Y2KQ;
						ProvisioningStyle = Automatic;
						TestTargetID = A783E25E2186258B006FF738;
					};
				};
			};
			buildConfigurationList = A783E25A2186258B006FF738 /* Build configuration list for PBXProject "Moosic" */;
			compatibilityVersion = "Xcode 3.2";
			developmentRegion = English;
			hasScannedForEncodings = 0;
			knownRegions = (
				en,
				Base,
			);
			mainGroup = A783E2562186258B006FF738;
			productRefGroup = A783E2602186258B006FF738 /* Products */;
			projectDirPath = "";
			projectRoot = "";
			targets = (
				A783E25E2186258B006FF738 /* Moosic */,
				A783E2722186258B006FF738 /* MoosicTests */,
				A783E27D2186258B006FF738 /* MoosicUITests */,
			);
		};
/* End PBXProject section */

/* Begin PBXResourcesBuildPhase section */
		A783E25D2186258B006FF738 /* Resources */ = {
			isa = PBXResourcesBuildPhase;
			buildActionMask = 2147483647;
			files = (
				A783E26D2186258B006FF738 /* LaunchScreen.storyboard in Resources */,
				A783E26A2186258B006FF738 /* Assets.xcassets in Resources */,
				A783E2682186258B006FF738 /* Main.storyboard in Resources */,
			);
			runOnlyForDeploymentPostprocessing = 0;
		};
		A783E2712186258B006FF738 /* Resources */ = {
			isa = PBXResourcesBuildPhase;
			buildActionMask = 2147483647;
			files = (
			);
			runOnlyForDeploymentPostprocessing = 0;
		};
		A783E27C2186258B006FF738 /* Resources */ = {
			isa = PBXResourcesBuildPhase;
			buildActionMask = 2147483647;
			files = (
			);
			runOnlyForDeploymentPostprocessing = 0;
		};
/* End PBXResourcesBuildPhase section */

/* Begin PBXSourcesBuildPhase section */
		A783E25B2186258B006FF738 /* Sources */ = {
			isa = PBXSourcesBuildPhase;
			buildActionMask = 2147483647;
			files = (
				A783E2652186258B006FF738 /* ViewController.swift in Sources */,
				A783E29321866486006FF738 /* ThinPulsing.swift in Sources */,
				A783E29121865239006FF738 /* Pulsing.swift in Sources */,
				A783E2632186258B006FF738 /* AppDelegate.swift in Sources */,
			);
			runOnlyForDeploymentPostprocessing = 0;
		};
		A783E26F2186258B006FF738 /* Sources */ = {
			isa = PBXSourcesBuildPhase;
			buildActionMask = 2147483647;
			files = (
				A783E2782186258B006FF738 /* MoosicTests.swift in Sources */,
			);
			runOnlyForDeploymentPostprocessing = 0;
		};
		A783E27A2186258B006FF738 /* Sources */ = {
			isa = PBXSourcesBuildPhase;
			buildActionMask = 2147483647;
			files = (
				A783E2832186258B006FF738 /* MoosicUITests.swift in Sources */,
			);
			runOnlyForDeploymentPostprocessing = 0;
		};
/* End PBXSourcesBuildPhase section */

/* Begin PBXTargetDependency section */
		A783E2752186258B006FF738 /* PBXTargetDependency */ = {
			isa = PBXTargetDependency;
			target = A783E25E2186258B006FF738 /* Moosic */;
			targetProxy = A783E2742186258B006FF738 /* PBXContainerItemProxy */;
		};
		A783E2802186258B006FF738 /* PBXTargetDependency */ = {
			isa = PBXTargetDependency;
			target = A783E25E2186258B006FF738 /* Moosic */;
			targetProxy = A783E27F2186258B006FF738 /* PBXContainerItemProxy */;
		};
/* End PBXTargetDependency section */

/* Begin PBXVariantGroup section */
		A783E2662186258B006FF738 /* Main.storyboard */ = {
			isa = PBXVariantGroup;
			children = (
				A783E2672186258B006FF738 /* Base */,
			);
			name = Main.storyboard;
			sourceTree = "<group>";
		};
		A783E26B2186258B006FF738 /* LaunchScreen.storyboard */ = {
			isa = PBXVariantGroup;
			children = (
				A783E26C2186258B006FF738 /* Base */,
			);
			name = LaunchScreen.storyboard;
			sourceTree = "<group>";
		};
/* End PBXVariantGroup section */

/* Begin XCBuildConfiguration section */
		A783E2852186258B006FF738 /* Debug */ = {
			isa = XCBuildConfiguration;
			buildSettings = {
				ALWAYS_SEARCH_USER_PATHS = NO;
				CLANG_ANALYZER_NONNULL = YES;
				CLANG_ANALYZER_NUMBER_OBJECT_CONVERSION = YES_AGGRESSIVE;
				CLANG_CXX_LANGUAGE_STANDARD = "gnu++0x";
				CLANG_CXX_LIBRARY = "libc++";
				CLANG_ENABLE_MODULES = YES;
				CLANG_ENABLE_OBJC_ARC = YES;
				CLANG_WARN_BOOL_CONVERSION = YES;
				CLANG_WARN_CONSTANT_CONVERSION = YES;
				CLANG_WARN_DIRECT_OBJC_ISA_USAGE = YES_ERROR;
				CLANG_WARN_DOCUMENTATION_COMMENTS = YES;
				CLANG_WARN_EMPTY_BODY = YES;
				CLANG_WARN_ENUM_CONVERSION = YES;
				CLANG_WARN_INFINITE_RECURSION = YES;
				CLANG_WARN_INT_CONVERSION = YES;
				CLANG_WARN_OBJC_ROOT_CLASS = YES_ERROR;
				CLANG_WARN_SUSPICIOUS_MOVE = YES;
				CLANG_WARN_UNREACHABLE_CODE = YES;
				CLANG_WARN__DUPLICATE_METHOD_MATCH = YES;
				"CODE_SIGN_IDENTITY[sdk=iphoneos*]" = "iPhone Developer";
				COPY_PHASE_STRIP = NO;
				DEBUG_INFORMATION_FORMAT = dwarf;
				ENABLE_STRICT_OBJC_MSGSEND = YES;
				ENABLE_TESTABILITY = YES;
				GCC_C_LANGUAGE_STANDARD = gnu99;
				GCC_DYNAMIC_NO_PIC = NO;
				GCC_NO_COMMON_BLOCKS = YES;
				GCC_OPTIMIZATION_LEVEL = 0;
				GCC_PREPROCESSOR_DEFINITIONS = (
					"DEBUG=1",
					"$(inherited)",
				);
				GCC_WARN_64_TO_32_BIT_CONVERSION = YES;
				GCC_WARN_ABOUT_RETURN_TYPE = YES_ERROR;
				GCC_WARN_UNDECLARED_SELECTOR = YES;
				GCC_WARN_UNINITIALIZED_AUTOS = YES_AGGRESSIVE;
				GCC_WARN_UNUSED_FUNCTION = YES;
				GCC_WARN_UNUSED_VARIABLE = YES;
				IPHONEOS_DEPLOYMENT_TARGET = 10.3;
				MTL_ENABLE_DEBUG_INFO = YES;
				ONLY_ACTIVE_ARCH = YES;
				SDKROOT = iphoneos;
				SWIFT_ACTIVE_COMPILATION_CONDITIONS = DEBUG;
				SWIFT_OPTIMIZATION_LEVEL = "-Onone";
				TARGETED_DEVICE_FAMILY = "1,2";
			};
			name = Debug;
		};
		A783E2862186258B006FF738 /* Release */ = {
			isa = XCBuildConfiguration;
			buildSettings = {
				ALWAYS_SEARCH_USER_PATHS = NO;
				CLANG_ANALYZER_NONNULL = YES;
				CLANG_ANALYZER_NUMBER_OBJECT_CONVERSION = YES_AGGRESSIVE;
				CLANG_CXX_LANGUAGE_STANDARD = "gnu++0x";
				CLANG_CXX_LIBRARY = "libc++";
				CLANG_ENABLE_MODULES = YES;
				CLANG_ENABLE_OBJC_ARC = YES;
				CLANG_WARN_BOOL_CONVERSION = YES;
				CLANG_WARN_CONSTANT_CONVERSION = YES;
				CLANG_WARN_DIRECT_OBJC_ISA_USAGE = YES_ERROR;
				CLANG_WARN_DOCUMENTATION_COMMENTS = YES;
				CLANG_WARN_EMPTY_BODY = YES;
				CLANG_WARN_ENUM_CONVERSION = YES;
				CLANG_WARN_INFINITE_RECURSION = YES;
				CLANG_WARN_INT_CONVERSION = YES;
				CLANG_WARN_OBJC_ROOT_CLASS = YES_ERROR;
				CLANG_WARN_SUSPICIOUS_MOVE = YES;
				CLANG_WARN_UNREACHABLE_CODE = YES;
				CLANG_WARN__DUPLICATE_METHOD_MATCH = YES;
				"CODE_SIGN_IDENTITY[sdk=iphoneos*]" = "iPhone Developer";
				COPY_PHASE_STRIP = NO;
				DEBUG_INFORMATION_FORMAT = "dwarf-with-dsym";
				ENABLE_NS_ASSERTIONS = NO;
				ENABLE_STRICT_OBJC_MSGSEND = YES;
				GCC_C_LANGUAGE_STANDARD = gnu99;
				GCC_NO_COMMON_BLOCKS = YES;
				GCC_WARN_64_TO_32_BIT_CONVERSION = YES;
				GCC_WARN_ABOUT_RETURN_TYPE = YES_ERROR;
				GCC_WARN_UNDECLARED_SELECTOR = YES;
				GCC_WARN_UNINITIALIZED_AUTOS = YES_AGGRESSIVE;
				GCC_WARN_UNUSED_FUNCTION = YES;
				GCC_WARN_UNUSED_VARIABLE = YES;
				IPHONEOS_DEPLOYMENT_TARGET = 10.3;
				MTL_ENABLE_DEBUG_INFO = NO;
				SDKROOT = iphoneos;
				SWIFT_OPTIMIZATION_LEVEL = "-Owholemodule";
				TARGETED_DEVICE_FAMILY = "1,2";
				VALIDATE_PRODUCT = YES;
			};
			name = Release;
		};
		A783E2882186258B006FF738 /* Debug */ = {
			isa = XCBuildConfiguration;
			buildSettings = {
				ASSETCATALOG_COMPILER_APPICON_NAME = AppIcon;
				DEVELOPMENT_TEAM = 7Q4532Y2KQ;
				INFOPLIST_FILE = Moosic/Info.plist;
				LD_RUNPATH_SEARCH_PATHS = "$(inherited) @executable_path/Frameworks";
				LIBRARY_SEARCH_PATHS = (
					"$(inherited)",
					"$(PROJECT_DIR)/Moosic",
				);
				PRODUCT_BUNDLE_IDENTIFIER = com.oliverportfolio.Moosic;
				PRODUCT_NAME = "$(TARGET_NAME)";
				SWIFT_OBJC_BRIDGING_HEADER = "Moosic-Bridging-Header.h";
				SWIFT_VERSION = 3.0;
			};
			name = Debug;
		};
		A783E2892186258B006FF738 /* Release */ = {
			isa = XCBuildConfiguration;
			buildSettings = {
				ASSETCATALOG_COMPILER_APPICON_NAME = AppIcon;
				DEVELOPMENT_TEAM = 7Q4532Y2KQ;
				INFOPLIST_FILE = Moosic/Info.plist;
				LD_RUNPATH_SEARCH_PATHS = "$(inherited) @executable_path/Frameworks";
				LIBRARY_SEARCH_PATHS = (
					"$(inherited)",
					"$(PROJECT_DIR)/Moosic",
				);
				PRODUCT_BUNDLE_IDENTIFIER = com.oliverportfolio.Moosic;
				PRODUCT_NAME = "$(TARGET_NAME)";
				SWIFT_OBJC_BRIDGING_HEADER = "Moosic-Bridging-Header.h";
				SWIFT_VERSION = 3.0;
			};
			name = Release;
		};
		A783E28B2186258B006FF738 /* Debug */ = {
			isa = XCBuildConfiguration;
			buildSettings = {
				ALWAYS_EMBED_SWIFT_STANDARD_LIBRARIES = YES;
				BUNDLE_LOADER = "$(TEST_HOST)";
				DEVELOPMENT_TEAM = 7Q4532Y2KQ;
				INFOPLIST_FILE = MoosicTests/Info.plist;
				LD_RUNPATH_SEARCH_PATHS = "$(inherited) @executable_path/Frameworks @loader_path/Frameworks";
				PRODUCT_BUNDLE_IDENTIFIER = com.oliverportfolio.MoosicTests;
				PRODUCT_NAME = "$(TARGET_NAME)";
				SWIFT_VERSION = 3.0;
				TEST_HOST = "$(BUILT_PRODUCTS_DIR)/Moosic.app/Moosic";
			};
			name = Debug;
		};
		A783E28C2186258B006FF738 /* Release */ = {
			isa = XCBuildConfiguration;
			buildSettings = {
				ALWAYS_EMBED_SWIFT_STANDARD_LIBRARIES = YES;
				BUNDLE_LOADER = "$(TEST_HOST)";
				DEVELOPMENT_TEAM = 7Q4532Y2KQ;
				INFOPLIST_FILE = MoosicTests/Info.plist;
				LD_RUNPATH_SEARCH_PATHS = "$(inherited) @executable_path/Frameworks @loader_path/Frameworks";
				PRODUCT_BUNDLE_IDENTIFIER = com.oliverportfolio.MoosicTests;
				PRODUCT_NAME = "$(TARGET_NAME)";
				SWIFT_VERSION = 3.0;
				TEST_HOST = "$(BUILT_PRODUCTS_DIR)/Moosic.app/Moosic";
			};
			name = Release;
		};
		A783E28E2186258B006FF738 /* Debug */ = {
			isa = XCBuildConfiguration;
			buildSettings = {
				ALWAYS_EMBED_SWIFT_STANDARD_LIBRARIES = YES;
				DEVELOPMENT_TEAM = 7Q4532Y2KQ;
				INFOPLIST_FILE = MoosicUITests/Info.plist;
				LD_RUNPATH_SEARCH_PATHS = "$(inherited) @executable_path/Frameworks @loader_path/Frameworks";
				PRODUCT_BUNDLE_IDENTIFIER = com.oliverportfolio.MoosicUITests;
				PRODUCT_NAME = "$(TARGET_NAME)";
				SWIFT_VERSION = 3.0;
				TEST_TARGET_NAME = Moosic;
			};
			name = Debug;
		};
		A783E28F2186258B006FF738 /* Release */ = {
			isa = XCBuildConfiguration;
			buildSettings = {
				ALWAYS_EMBED_SWIFT_STANDARD_LIBRARIES = YES;
				DEVELOPMENT_TEAM = 7Q4532Y2KQ;
				INFOPLIST_FILE = MoosicUITests/Info.plist;
				LD_RUNPATH_SEARCH_PATHS = "$(inherited) @executable_path/Frameworks @loader_path/Frameworks";
				PRODUCT_BUNDLE_IDENTIFIER = com.oliverportfolio.MoosicUITests;
				PRODUCT_NAME = "$(TARGET_NAME)";
				SWIFT_VERSION = 3.0;
				TEST_TARGET_NAME = Moosic;
			};
			name = Release;
		};
/* End XCBuildConfiguration section */

/* Begin XCConfigurationList section */
		A783E25A2186258B006FF738 /* Build configuration list for PBXProject "Moosic" */ = {
			isa = XCConfigurationList;
			buildConfigurations = (
				A783E2852186258B006FF738 /* Debug */,
				A783E2862186258B006FF738 /* Release */,
			);
			defaultConfigurationIsVisible = 0;
			defaultConfigurationName = Release;
		};
		A783E2872186258B006FF738 /* Build configuration list for PBXNativeTarget "Moosic" */ = {
			isa = XCConfigurationList;
			buildConfigurations = (
				A783E2882186258B006FF738 /* Debug */,
				A783E2892186258B006FF738 /* Release */,
			);
			defaultConfigurationIsVisible = 0;
			defaultConfigurationName = Release;
		};
		A783E28A2186258B006FF738 /* Build configuration list for PBXNativeTarget "MoosicTests" */ = {
			isa = XCConfigurationList;
			buildConfigurations = (
				A783E28B2186258B006FF738 /* Debug */,
				A783E28C2186258B006FF738 /* Release */,
			);
			defaultConfigurationIsVisible = 0;
			defaultConfigurationName = Release;
		};
		A783E28D2186258B006FF738 /* Build configuration list for PBXNativeTarget "MoosicUITests" */ = {
			isa = XCConfigurationList;
			buildConfigurations = (
				A783E28E2186258B006FF738 /* Debug */,
				A783E28F2186258B006FF738 /* Release */,
			);
			defaultConfigurationIsVisible = 0;
			defaultConfigurationName = Release;
		};
/* End XCConfigurationList section */
	};
	rootObject = A783E2572186258B006FF738 /* Project object */;
}
